{
  "originHash" : "f5badcdb5e6b0a3e04e1d52493050a21fa5a9f046acdfd7096afdfde4d3f6c79",
  "pins" : [
    {
      "identity" : "sweetcookiekit",
      "kind" : "remoteSourceControl",
      "location" : "https://github.com/steipete/SweetCookieKit",
      "state" : {
        "revision" : "4d5b71ffbb296937dc5ee8472f64721bca771cf0",
        "version" : "0.4.0"
      }
    },
    {
      "identity" : "swift-argument-parser",
      "kind" : "remoteSourceControl",
      "location" : "https://github.com/apple/swift-argument-parser",
      "state" : {
        "revision" : "626b5b7b2f45e1b0b1c6f4a309296d1d21d7311b",
        "version" : "1.7.1"
      }
    },
    {
      "identity" : "swift-log",
      "kind" : "remoteSourceControl",
      "location" : "https://github.com/apple/swift-log",
      "state" : {
        "revision" : "8c0f217f01000dd30f60d6e536569ad4e74291f9",
        "version" : "1.11.0"
      }
    }
  ],
  "version" : 3
}
